
Microsoft Visual Studio Solution File, Format Version 12.00
# Visual Studio 14
VisualStudioVersion = 14.0.25420.1
MinimumVisualStudioVersion = 10.0.40219.1
Project("{FAE04EC0-301F-11D3-BF4B-00C04F79EFBC}") = "LunkerChatServer", "LunkerChatServer\LunkerChatServer.csproj", "{88911211-2F48-418F-A58D-865DF18F001A}"
EndProject
Project("{FAE04EC0-301F-11D3-BF4B-00C04F79EFBC}") = "LunkerLoginServer", "LunkerLoginServer\LunkerLoginServer.csproj", "{60FA3AD2-1ACF-4408-AA76-F8FF45663128}"
EndProject
Project("{FAE04EC0-301F-11D3-BF4B-00C04F79EFBC}") = "LunkerLibrary", "LunkerLibrary\LunkerLibrary.csproj", "{79AE82ED-B2AA-410B-8099-248B5493D276}"
EndProject
Project("{FAE04EC0-301F-11D3-BF4B-00C04F79EFBC}") = "LunkerAgent", "LunkerAgent\LunkerAgent.csproj", "{B2E1F8CA-A5AC-4B33-AF5B-6410CCA9CFAA}"
EndProject
Project("{FAE04EC0-301F-11D3-BF4B-00C04F79EFBC}") = "LunkerProtocol", "LunkerProtocol\LunkerProtocol.csproj", "{2BC1F17F-4F41-4D18-B31E-61D1EBAB65A9}"
EndProject
Project("{FAE04EC0-301F-11D3-BF4B-00C04F79EFBC}") = "LunkerChatWebServer", "LunkerChatWebServer\LunkerChatWebServer.csproj", "{DDAD5B75-B973-4AA2-8C1E-646FBE22FE05}"
EndProject
Project("{FAE04EC0-301F-11D3-BF4B-00C04F79EFBC}") = "LunkerChatAdminTool", "LunkerChatAdminTool\LunkerChatAdminTool.csproj", "{1E6BDC73-78EF-43B4-AA00-A6DC03421D26}"
EndProject
Global
	GlobalSection(SolutionConfigurationPlatforms) = preSolution
		Debug|Any CPU = Debug|Any CPU
		Release|Any CPU = Release|Any CPU
	EndGlobalSection
	GlobalSection(ProjectConfigurationPlatforms) = postSolution
		{88911211-2F48-418F-A58D-865DF18F001A}.Debug|Any CPU.ActiveCfg = Debug|Any CPU
		{88911211-2F48-418F-A58D-865DF18F001A}.Debug|Any CPU.Build.0 = Debug|Any CPU
		{88911211-2F48-418F-A58D-865DF18F001A}.Release|Any CPU.ActiveCfg = Release|Any CPU
		{88911211-2F48-418F-A58D-865DF18F001A}.Release|Any CPU.Build.0 = Release|Any CPU
		{60FA3AD2-1ACF-4408-AA76-F8FF45663128}.Debug|Any CPU.ActiveCfg = Debug|Any CPU
		{60FA3AD2-1ACF-4408-AA76-F8FF45663128}.Debug|Any CPU.Build.0 = Debug|Any CPU
		{60FA3AD2-1ACF-4408-AA76-F8FF45663128}.Release|Any CPU.ActiveCfg = Release|Any CPU
		{60FA3AD2-1ACF-4408-AA76-F8FF45663128}.Release|Any CPU.Build.0 = Release|Any CPU
		{79AE82ED-B2AA-410B-8099-248B5493D276}.Debug|Any CPU.ActiveCfg = Debug|Any CPU
		{79AE82ED-B2AA-410B-8099-248B5493D276}.Debug|Any CPU.Build.0 = Debug|Any CPU
		{79AE82ED-B2AA-410B-8099-248B5493D276}.Release|Any CPU.ActiveCfg = Release|Any CPU
		{79AE82ED-B2AA-410B-8099-248B5493D276}.Release|Any CPU.Build.0 = Release|Any CPU
		{B2E1F8CA-A5AC-4B33-AF5B-6410CCA9CFAA}.Debug|Any CPU.ActiveCfg = Debug|Any CPU
		{B2E1F8CA-A5AC-4B33-AF5B-6410CCA9CFAA}.Debug|Any CPU.Build.0 = Debug|Any CPU
		{B2E1F8CA-A5AC-4B33-AF5B-6410CCA9CFAA}.Release|Any CPU.ActiveCfg = Release|Any CPU
		{B2E1F8CA-A5AC-4B33-AF5B-6410CCA9CFAA}.Release|Any CPU.Build.0 = Release|Any CPU
		{2BC1F17F-4F41-4D18-B31E-61D1EBAB65A9}.Debug|Any CPU.ActiveCfg = Debug|Any CPU
		{2BC1F17F-4F41-4D18-B31E-61D1EBAB65A9}.Debug|Any CPU.Build.0 = Debug|Any CPU
		{2BC1F17F-4F41-4D18-B31E-61D1EBAB65A9}.Release|Any CPU.ActiveCfg = Release|Any CPU
		{2BC1F17F-4F41-4D18-B31E-61D1EBAB65A9}.Release|Any CPU.Build.0 = Release|Any CPU
		{DDAD5B75-B973-4AA2-8C1E-646FBE22FE05}.Debug|Any CPU.ActiveCfg = Debug|Any CPU
		{DDAD5B75-B973-4AA2-8C1E-646FBE22FE05}.Debug|Any CPU.Build.0 = Debug|Any CPU
		{DDAD5B75-B973-4AA2-8C1E-646FBE22FE05}.Release|Any CPU.ActiveCfg = Release|Any CPU
		{DDAD5B75-B973-4AA2-8C1E-646FBE22FE05}.Release|Any CPU.Build.0 = Release|Any CPU
		{1E6BDC73-78EF-43B4-AA00-A6DC03421D26}.Debug|Any CPU.ActiveCfg = Debug|Any CPU
		{1E6BDC73-78EF-43B4-AA00-A6DC03421D26}.Debug|Any CPU.Build.0 = Debug|Any CPU
		{1E6BDC73-78EF-43B4-AA00-A6DC03421D26}.Release|Any CPU.ActiveCfg = Release|Any CPU
		{1E6BDC73-78EF-43B4-AA00-A6DC03421D26}.Release|Any CPU.Build.0 = Release|Any CPU
	EndGlobalSection
	GlobalSection(SolutionProperties) = preSolution
		HideSolutionNode = FALSE
	EndGlobalSection
EndGlobal
