
Microsoft Visual Studio Solution File, Format Version 12.00
# Visual Studio 14
VisualStudioVersion = 14.0.25420.1
MinimumVisualStudioVersion = 10.0.40219.1
Project("{FAE04EC0-301F-11D3-BF4B-00C04F79EFBC}") = "LunkerChatServer", "LunkerChatServer\LunkerChatServer.csproj", "{88911211-2F48-418F-A58D-865DF18F001A}"
EndProject
Project("{FAE04EC0-301F-11D3-BF4B-00C04F79EFBC}") = "LunkerLoginServer", "LunkerLoginServer\LunkerLoginServer.csproj", "{60FA3AD2-1ACF-4408-AA76-F8FF45663128}"
EndProject
Global
	GlobalSection(SolutionConfigurationPlatforms) = preSolution
		Debug|Any CPU = Debug|Any CPU
		Release|Any CPU = Release|Any CPU
	EndGlobalSection
	GlobalSection(ProjectConfigurationPlatforms) = postSolution
		{88911211-2F48-418F-A58D-865DF18F001A}.Debug|Any CPU.ActiveCfg = Debug|Any CPU
		{88911211-2F48-418F-A58D-865DF18F001A}.Debug|Any CPU.Build.0 = Debug|Any CPU
		{88911211-2F48-418F-A58D-865DF18F001A}.Release|Any CPU.ActiveCfg = Release|Any CPU
		{88911211-2F48-418F-A58D-865DF18F001A}.Release|Any CPU.Build.0 = Release|Any CPU
		{60FA3AD2-1ACF-4408-AA76-F8FF45663128}.Debug|Any CPU.ActiveCfg = Debug|Any CPU
		{60FA3AD2-1ACF-4408-AA76-F8FF45663128}.Debug|Any CPU.Build.0 = Debug|Any CPU
		{60FA3AD2-1ACF-4408-AA76-F8FF45663128}.Release|Any CPU.ActiveCfg = Release|Any CPU
		{60FA3AD2-1ACF-4408-AA76-F8FF45663128}.Release|Any CPU.Build.0 = Release|Any CPU
	EndGlobalSection
	GlobalSection(SolutionProperties) = preSolution
		HideSolutionNode = FALSE
	EndGlobalSection
EndGlobal
